
Microsoft Visual Studio Solution File, Format Version 12.00
# Visual Studio Version 17
VisualStudioVersion = 17.3.32929.385
MinimumVisualStudioVersion = 10.0.40219.1
Project("{9A19103F-16F7-4668-BE54-9A1E7A4F7556}") = "tricount", "tricount\tricount.csproj", "{F1DA1DFE-ECBF-4E1E-AF92-28D2FEB3E9C4}"
EndProject
Project("{9A19103F-16F7-4668-BE54-9A1E7A4F7557}") = "PRBD_Framework", "PRBD_Framework\PRBD_Framework.csproj", "{A786370A-ECE7-4F52-8C81-D6CE2378376A}"
EndProject
Project("{2150E333-8FDC-42A3-9474-1A3956D46DE8}") = "Solution Items", "Solution Items", "{21FFD601-D590-48FF-B08C-342AD4686EDD}"
	ProjectSection(SolutionItems) = preProject
		README.md = README.md
	EndProjectSection
EndProject
StartupProject("{9A19103F-16F7-4668-BE54-9A1E7A4F7557}")
Global
	GlobalSection(SolutionConfigurationPlatforms) = preSolution
		Debug|Any CPU = Debug|Any CPU
		Release|Any CPU = Release|Any CPU
	EndGlobalSection
	GlobalSection(ProjectConfigurationPlatforms) = postSolution
		{CFD35434-F8CE-49EA-B01B-2A65EEAA3AEB}.Debug|Any CPU.ActiveCfg = Debug|Any CPU
		{CFD35434-F8CE-49EA-B01B-2A65EEAA3AEB}.Debug|Any CPU.Build.0 = Debug|Any CPU
		{CFD35434-F8CE-49EA-B01B-2A65EEAA3AEB}.Release|Any CPU.ActiveCfg = Release|Any CPU
		{CFD35434-F8CE-49EA-B01B-2A65EEAA3AEB}.Release|Any CPU.Build.0 = Release|Any CPU
		{A786370A-ECE7-4F52-8C81-D6CE2378376A}.Debug|Any CPU.ActiveCfg = Debug|Any CPU
		{A786370A-ECE7-4F52-8C81-D6CE2378376A}.Debug|Any CPU.Build.0 = Debug|Any CPU
		{A786370A-ECE7-4F52-8C81-D6CE2378376A}.Release|Any CPU.ActiveCfg = Release|Any CPU
		{A786370A-ECE7-4F52-8C81-D6CE2378376A}.Release|Any CPU.Build.0 = Release|Any CPU
		{8FA0C006-BD25-4C1B-9454-2F697E3D9C3D}.Debug|Any CPU.ActiveCfg = Debug|Any CPU
		{8FA0C006-BD25-4C1B-9454-2F697E3D9C3D}.Debug|Any CPU.Build.0 = Debug|Any CPU
		{8FA0C006-BD25-4C1B-9454-2F697E3D9C3D}.Release|Any CPU.ActiveCfg = Release|Any CPU
		{8FA0C006-BD25-4C1B-9454-2F697E3D9C3D}.Release|Any CPU.Build.0 = Release|Any CPU
		{F1DA1DFE-ECBF-4E1E-AF92-28D2FEB3E9C4}.Debug|Any CPU.ActiveCfg = Debug|Any CPU
		{F1DA1DFE-ECBF-4E1E-AF92-28D2FEB3E9C4}.Debug|Any CPU.Build.0 = Debug|Any CPU
		{F1DA1DFE-ECBF-4E1E-AF92-28D2FEB3E9C4}.Release|Any CPU.ActiveCfg = Release|Any CPU
		{F1DA1DFE-ECBF-4E1E-AF92-28D2FEB3E9C4}.Release|Any CPU.Build.0 = Release|Any CPU
	EndGlobalSection
	GlobalSection(SolutionProperties) = preSolution
		HideSolutionNode = FALSE
	EndGlobalSection
	GlobalSection(ExtensibilityGlobals) = postSolution
		SolutionGuid = {A5D242E7-44A1-4771-9CC9-FFD19FAF7A1D}
	EndGlobalSection
EndGlobal
